
Microsoft Visual Studio Solution File, Format Version 12.00
# Visual Studio Version 17
VisualStudioVersion = 17.9.34607.119
MinimumVisualStudioVersion = 10.0.40219.1
Project("{FAE04EC0-301F-11D3-BF4B-00C04F79EFBC}") = "ProjetoCSharp", "ProjetoCSharp\ProjetoCSharp.csproj", "{C73F5C25-BB29-4E0D-878F-907719FC0255}"
EndProject
Global
	GlobalSection(SolutionConfigurationPlatforms) = preSolution
		Debug|Any CPU = Debug|Any CPU
		Release|Any CPU = Release|Any CPU
	EndGlobalSection
	GlobalSection(ProjectConfigurationPlatforms) = postSolution
		{C73F5C25-BB29-4E0D-878F-907719FC0255}.Debug|Any CPU.ActiveCfg = Debug|Any CPU
		{C73F5C25-BB29-4E0D-878F-907719FC0255}.Debug|Any CPU.Build.0 = Debug|Any CPU
		{C73F5C25-BB29-4E0D-878F-907719FC0255}.Release|Any CPU.ActiveCfg = Release|Any CPU
		{C73F5C25-BB29-4E0D-878F-907719FC0255}.Release|Any CPU.Build.0 = Release|Any CPU
	EndGlobalSection
	GlobalSection(SolutionProperties) = preSolution
		HideSolutionNode = FALSE
	EndGlobalSection
	GlobalSection(ExtensibilityGlobals) = postSolution
		SolutionGuid = {778BDAE3-ADC8-4928-AF11-FE5E6E4BD9DF}
	EndGlobalSection
EndGlobal
